
Microsoft Visual Studio Solution File, Format Version 12.00
# Visual Studio Version 17
VisualStudioVersion = 17.3.32901.215
MinimumVisualStudioVersion = 10.0.40219.1
Project("{9A19103F-16F7-4668-BE54-9A1E7A4F7556}") = "MessagingClient", "MessagingClient\MessagingClient.csproj", "{2E65B1F0-5067-4543-A02D-8BA22D45B105}"
EndProject
Project("{9A19103F-16F7-4668-BE54-9A1E7A4F7556}") = "MessagingLibrary", "..\MessagingLibrary\MessagingLibrary\MessagingLibrary.csproj", "{2C0B7B69-7CC5-4DFD-8091-195F15B20809}"
EndProject
Global
	GlobalSection(SolutionConfigurationPlatforms) = preSolution
		Debug|Any CPU = Debug|Any CPU
		Release|Any CPU = Release|Any CPU
	EndGlobalSection
	GlobalSection(ProjectConfigurationPlatforms) = postSolution
		{2E65B1F0-5067-4543-A02D-8BA22D45B105}.Debug|Any CPU.ActiveCfg = Debug|Any CPU
		{2E65B1F0-5067-4543-A02D-8BA22D45B105}.Debug|Any CPU.Build.0 = Debug|Any CPU
		{2E65B1F0-5067-4543-A02D-8BA22D45B105}.Release|Any CPU.ActiveCfg = Release|Any CPU
		{2E65B1F0-5067-4543-A02D-8BA22D45B105}.Release|Any CPU.Build.0 = Release|Any CPU
		{2C0B7B69-7CC5-4DFD-8091-195F15B20809}.Debug|Any CPU.ActiveCfg = Debug|Any CPU
		{2C0B7B69-7CC5-4DFD-8091-195F15B20809}.Debug|Any CPU.Build.0 = Debug|Any CPU
		{2C0B7B69-7CC5-4DFD-8091-195F15B20809}.Release|Any CPU.ActiveCfg = Release|Any CPU
		{2C0B7B69-7CC5-4DFD-8091-195F15B20809}.Release|Any CPU.Build.0 = Release|Any CPU
	EndGlobalSection
	GlobalSection(SolutionProperties) = preSolution
		HideSolutionNode = FALSE
	EndGlobalSection
	GlobalSection(ExtensibilityGlobals) = postSolution
		SolutionGuid = {6058D1BD-DE67-449D-B647-DF5B0328FBBE}
	EndGlobalSection
EndGlobal
